
Microsoft Visual Studio Solution File, Format Version 12.00
# Visual Studio Version 17
VisualStudioVersion = 17.14.36310.24 d17.14
MinimumVisualStudioVersion = 10.0.40219.1
Project("{FAE04EC0-301F-11D3-BF4B-00C04F79EFBC}") = "CarneShopBugger", "CarneShopBugger\CarneShopBugger.csproj", "{E9F80A78-519B-45F6-9DA4-D987A3266EAF}"
EndProject
Global
	GlobalSection(SolutionConfigurationPlatforms) = preSolution
		Debug|Any CPU = Debug|Any CPU
		Release|Any CPU = Release|Any CPU
	EndGlobalSection
	GlobalSection(ProjectConfigurationPlatforms) = postSolution
		{E9F80A78-519B-45F6-9DA4-D987A3266EAF}.Debug|Any CPU.ActiveCfg = Debug|Any CPU
		{E9F80A78-519B-45F6-9DA4-D987A3266EAF}.Debug|Any CPU.Build.0 = Debug|Any CPU
		{E9F80A78-519B-45F6-9DA4-D987A3266EAF}.Release|Any CPU.ActiveCfg = Release|Any CPU
		{E9F80A78-519B-45F6-9DA4-D987A3266EAF}.Release|Any CPU.Build.0 = Release|Any CPU
	EndGlobalSection
	GlobalSection(SolutionProperties) = preSolution
		HideSolutionNode = FALSE
	EndGlobalSection
	GlobalSection(ExtensibilityGlobals) = postSolution
		SolutionGuid = {F7210A42-83E9-4149-8D89-6DEFD6520FB0}
	EndGlobalSection
EndGlobal
